
Microsoft Visual Studio Solution File, Format Version 12.00
# Visual Studio 15
VisualStudioVersion = 15.0.26114.2
MinimumVisualStudioVersion = 10.0.40219.1
Project("{FAE04EC0-301F-11D3-BF4B-00C04F79EFBC}") = "Service", "Service\Service.csproj", "{563EF972-7779-4355-91C5-4E1D9DF813E1}"
EndProject
Project("{FAE04EC0-301F-11D3-BF4B-00C04F79EFBC}") = "Service.App", "Service.App\Service.App.csproj", "{8F51350B-FC84-470C-A111-C500854FF8AB}"
EndProject
Project("{FAE04EC0-301F-11D3-BF4B-00C04F79EFBC}") = "Domain", "Domain\Domain.csproj", "{919C3BA6-578A-4990-9804-CDE3EA3092BB}"
EndProject
Project("{FAE04EC0-301F-11D3-BF4B-00C04F79EFBC}") = "Domain.Facade", "Domain.Facade\Domain.Facade.csproj", "{7CCAC3B2-8A6C-4A9C-A864-1F28D35E8E52}"
EndProject
Project("{2150E333-8FDC-42A3-9474-1A3956D46DE8}") = "Tests", "Tests", "{E347D284-CFEA-4564-B6D5-89CA67D693B9}"
EndProject
Project("{2150E333-8FDC-42A3-9474-1A3956D46DE8}") = "Unit", "Unit", "{547F1FE9-9196-4176-82CE-BEF7640788CE}"
EndProject
Project("{FAE04EC0-301F-11D3-BF4B-00C04F79EFBC}") = "Domain.Facade.Tests", "Tests\Unit\Domain.Facade.Tests\Domain.Facade.Tests.csproj", "{EA92DAE6-55B8-418F-BC78-8A6AEFD6BB39}"
EndProject
Project("{FAE04EC0-301F-11D3-BF4B-00C04F79EFBC}") = "Domain.Tests", "Tests\Unit\Domain.Tests\Domain.Tests.csproj", "{8C62D98E-04BF-4A2C-BC64-2CAFD6D8C30A}"
EndProject
Project("{2150E333-8FDC-42A3-9474-1A3956D46DE8}") = "Integration", "Integration", "{A703A794-1416-4521-B5F2-7C3CD65F5FD5}"
EndProject
Project("{FAE04EC0-301F-11D3-BF4B-00C04F79EFBC}") = "Service.Tests", "Tests\Integration\Service.Tests\Service.Tests.csproj", "{524D665A-867C-48A4-9186-05BEE3484830}"
EndProject
Project("{FAE04EC0-301F-11D3-BF4B-00C04F79EFBC}") = "Resources", "Resources\Resources.csproj", "{4F123ECA-85EF-4345-9655-AAE1D0CC443D}"
EndProject
Project("{2150E333-8FDC-42A3-9474-1A3956D46DE8}") = "Build", "Build", "{EE0A4C28-B288-481F-BFE2-9CC8C868F787}"
	ProjectSection(SolutionItems) = preProject
		.travis.yml = .travis.yml
		Makefile = Makefile
	EndProjectSection
EndProject
Project("{2150E333-8FDC-42A3-9474-1A3956D46DE8}") = "src", "src", "{B40C4725-0C6C-4371-8DD8-E514B78F2322}"
EndProject
Project("{FAE04EC0-301F-11D3-BF4B-00C04F79EFBC}") = "Domain", "src\Domain\Domain.csproj", "{A376BEDA-ECF8-40B3-822B-58050D736C39}"
EndProject
Project("{FAE04EC0-301F-11D3-BF4B-00C04F79EFBC}") = "Domain.Facade", "src\Domain.Facade\Domain.Facade.csproj", "{3BC4AE6E-1A67-4D5C-A58A-F1761EDFBB7A}"
EndProject
Project("{FAE04EC0-301F-11D3-BF4B-00C04F79EFBC}") = "Persistence", "src\Persistence\Persistence.csproj", "{FBDB74D4-C170-4208-9F8E-89AE10A19E69}"
EndProject
Project("{FAE04EC0-301F-11D3-BF4B-00C04F79EFBC}") = "Resources", "src\Resources\Resources.csproj", "{A3CC3522-411C-4BA6-B2D0-96C5A6EA4A0B}"
EndProject
Project("{FAE04EC0-301F-11D3-BF4B-00C04F79EFBC}") = "Service", "src\Service\Service.csproj", "{D8F25B8B-8EE1-4C7B-81F9-B16BEF9739AF}"
EndProject
Project("{FAE04EC0-301F-11D3-BF4B-00C04F79EFBC}") = "Service.Lambda", "src\Service.Lambda\Service.Lambda.csproj", "{71E350C4-A249-4076-BC34-923A04E1C499}"
EndProject
Project("{FAE04EC0-301F-11D3-BF4B-00C04F79EFBC}") = "Service.Lambda.Console", "src\Service.Lambda.Console\Service.Lambda.Console.csproj", "{5CB24B9A-EC7C-4BD7-8673-8DB378FD33CD}"
EndProject
Project("{FAE04EC0-301F-11D3-BF4B-00C04F79EFBC}") = "Service.Lambda.Tests", "Tests\Integration\Service.Lambda.Tests\Service.Lambda.Tests.csproj", "{2FF82BF5-AE3F-4A32-9D56-8810EA3E4CE7}"
EndProject
Global
	GlobalSection(SolutionConfigurationPlatforms) = preSolution
		Debug|Any CPU = Debug|Any CPU
		Release|Any CPU = Release|Any CPU
		Debug|x64 = Debug|x64
		Debug|x86 = Debug|x86
		Release|x64 = Release|x64
		Release|x86 = Release|x86
	EndGlobalSection
	GlobalSection(ProjectConfigurationPlatforms) = postSolution
		{563EF972-7779-4355-91C5-4E1D9DF813E1}.Debug|Any CPU.ActiveCfg = Debug|Any CPU
		{563EF972-7779-4355-91C5-4E1D9DF813E1}.Debug|Any CPU.Build.0 = Debug|Any CPU
		{563EF972-7779-4355-91C5-4E1D9DF813E1}.Release|Any CPU.ActiveCfg = Release|Any CPU
		{563EF972-7779-4355-91C5-4E1D9DF813E1}.Release|Any CPU.Build.0 = Release|Any CPU
		{8F51350B-FC84-470C-A111-C500854FF8AB}.Debug|Any CPU.ActiveCfg = Debug|Any CPU
		{8F51350B-FC84-470C-A111-C500854FF8AB}.Debug|Any CPU.Build.0 = Debug|Any CPU
		{8F51350B-FC84-470C-A111-C500854FF8AB}.Release|Any CPU.ActiveCfg = Release|Any CPU
		{8F51350B-FC84-470C-A111-C500854FF8AB}.Release|Any CPU.Build.0 = Release|Any CPU
		{919C3BA6-578A-4990-9804-CDE3EA3092BB}.Debug|Any CPU.ActiveCfg = Debug|Any CPU
		{919C3BA6-578A-4990-9804-CDE3EA3092BB}.Debug|Any CPU.Build.0 = Debug|Any CPU
		{919C3BA6-578A-4990-9804-CDE3EA3092BB}.Release|Any CPU.ActiveCfg = Release|Any CPU
		{919C3BA6-578A-4990-9804-CDE3EA3092BB}.Release|Any CPU.Build.0 = Release|Any CPU
		{7CCAC3B2-8A6C-4A9C-A864-1F28D35E8E52}.Debug|Any CPU.ActiveCfg = Debug|Any CPU
		{7CCAC3B2-8A6C-4A9C-A864-1F28D35E8E52}.Debug|Any CPU.Build.0 = Debug|Any CPU
		{7CCAC3B2-8A6C-4A9C-A864-1F28D35E8E52}.Release|Any CPU.ActiveCfg = Release|Any CPU
		{7CCAC3B2-8A6C-4A9C-A864-1F28D35E8E52}.Release|Any CPU.Build.0 = Release|Any CPU
		{EA92DAE6-55B8-418F-BC78-8A6AEFD6BB39}.Debug|Any CPU.ActiveCfg = Debug|Any CPU
		{EA92DAE6-55B8-418F-BC78-8A6AEFD6BB39}.Debug|Any CPU.Build.0 = Debug|Any CPU
		{EA92DAE6-55B8-418F-BC78-8A6AEFD6BB39}.Release|Any CPU.ActiveCfg = Release|Any CPU
		{EA92DAE6-55B8-418F-BC78-8A6AEFD6BB39}.Release|Any CPU.Build.0 = Release|Any CPU
		{8C62D98E-04BF-4A2C-BC64-2CAFD6D8C30A}.Debug|Any CPU.ActiveCfg = Debug|Any CPU
		{8C62D98E-04BF-4A2C-BC64-2CAFD6D8C30A}.Debug|Any CPU.Build.0 = Debug|Any CPU
		{8C62D98E-04BF-4A2C-BC64-2CAFD6D8C30A}.Release|Any CPU.ActiveCfg = Release|Any CPU
		{8C62D98E-04BF-4A2C-BC64-2CAFD6D8C30A}.Release|Any CPU.Build.0 = Release|Any CPU
		{524D665A-867C-48A4-9186-05BEE3484830}.Debug|Any CPU.ActiveCfg = Debug|Any CPU
		{524D665A-867C-48A4-9186-05BEE3484830}.Debug|Any CPU.Build.0 = Debug|Any CPU
		{524D665A-867C-48A4-9186-05BEE3484830}.Release|Any CPU.ActiveCfg = Release|Any CPU
		{524D665A-867C-48A4-9186-05BEE3484830}.Release|Any CPU.Build.0 = Release|Any CPU
		{4F123ECA-85EF-4345-9655-AAE1D0CC443D}.Debug|Any CPU.ActiveCfg = Debug|Any CPU
		{4F123ECA-85EF-4345-9655-AAE1D0CC443D}.Debug|Any CPU.Build.0 = Debug|Any CPU
		{4F123ECA-85EF-4345-9655-AAE1D0CC443D}.Release|Any CPU.ActiveCfg = Release|Any CPU
		{4F123ECA-85EF-4345-9655-AAE1D0CC443D}.Release|Any CPU.Build.0 = Release|Any CPU
		{A376BEDA-ECF8-40B3-822B-58050D736C39}.Debug|Any CPU.ActiveCfg = Debug|Any CPU
		{A376BEDA-ECF8-40B3-822B-58050D736C39}.Debug|Any CPU.Build.0 = Debug|Any CPU
		{A376BEDA-ECF8-40B3-822B-58050D736C39}.Debug|x64.ActiveCfg = Debug|x64
		{A376BEDA-ECF8-40B3-822B-58050D736C39}.Debug|x64.Build.0 = Debug|x64
		{A376BEDA-ECF8-40B3-822B-58050D736C39}.Debug|x86.ActiveCfg = Debug|x86
		{A376BEDA-ECF8-40B3-822B-58050D736C39}.Debug|x86.Build.0 = Debug|x86
		{A376BEDA-ECF8-40B3-822B-58050D736C39}.Release|Any CPU.ActiveCfg = Release|Any CPU
		{A376BEDA-ECF8-40B3-822B-58050D736C39}.Release|Any CPU.Build.0 = Release|Any CPU
		{A376BEDA-ECF8-40B3-822B-58050D736C39}.Release|x64.ActiveCfg = Release|x64
		{A376BEDA-ECF8-40B3-822B-58050D736C39}.Release|x64.Build.0 = Release|x64
		{A376BEDA-ECF8-40B3-822B-58050D736C39}.Release|x86.ActiveCfg = Release|x86
		{A376BEDA-ECF8-40B3-822B-58050D736C39}.Release|x86.Build.0 = Release|x86
		{3BC4AE6E-1A67-4D5C-A58A-F1761EDFBB7A}.Debug|Any CPU.ActiveCfg = Debug|Any CPU
		{3BC4AE6E-1A67-4D5C-A58A-F1761EDFBB7A}.Debug|Any CPU.Build.0 = Debug|Any CPU
		{3BC4AE6E-1A67-4D5C-A58A-F1761EDFBB7A}.Debug|x64.ActiveCfg = Debug|x64
		{3BC4AE6E-1A67-4D5C-A58A-F1761EDFBB7A}.Debug|x64.Build.0 = Debug|x64
		{3BC4AE6E-1A67-4D5C-A58A-F1761EDFBB7A}.Debug|x86.ActiveCfg = Debug|x86
		{3BC4AE6E-1A67-4D5C-A58A-F1761EDFBB7A}.Debug|x86.Build.0 = Debug|x86
		{3BC4AE6E-1A67-4D5C-A58A-F1761EDFBB7A}.Release|Any CPU.ActiveCfg = Release|Any CPU
		{3BC4AE6E-1A67-4D5C-A58A-F1761EDFBB7A}.Release|Any CPU.Build.0 = Release|Any CPU
		{3BC4AE6E-1A67-4D5C-A58A-F1761EDFBB7A}.Release|x64.ActiveCfg = Release|x64
		{3BC4AE6E-1A67-4D5C-A58A-F1761EDFBB7A}.Release|x64.Build.0 = Release|x64
		{3BC4AE6E-1A67-4D5C-A58A-F1761EDFBB7A}.Release|x86.ActiveCfg = Release|x86
		{3BC4AE6E-1A67-4D5C-A58A-F1761EDFBB7A}.Release|x86.Build.0 = Release|x86
		{FBDB74D4-C170-4208-9F8E-89AE10A19E69}.Debug|Any CPU.ActiveCfg = Debug|Any CPU
		{FBDB74D4-C170-4208-9F8E-89AE10A19E69}.Debug|Any CPU.Build.0 = Debug|Any CPU
		{FBDB74D4-C170-4208-9F8E-89AE10A19E69}.Debug|x64.ActiveCfg = Debug|x64
		{FBDB74D4-C170-4208-9F8E-89AE10A19E69}.Debug|x64.Build.0 = Debug|x64
		{FBDB74D4-C170-4208-9F8E-89AE10A19E69}.Debug|x86.ActiveCfg = Debug|x86
		{FBDB74D4-C170-4208-9F8E-89AE10A19E69}.Debug|x86.Build.0 = Debug|x86
		{FBDB74D4-C170-4208-9F8E-89AE10A19E69}.Release|Any CPU.ActiveCfg = Release|Any CPU
		{FBDB74D4-C170-4208-9F8E-89AE10A19E69}.Release|Any CPU.Build.0 = Release|Any CPU
		{FBDB74D4-C170-4208-9F8E-89AE10A19E69}.Release|x64.ActiveCfg = Release|x64
		{FBDB74D4-C170-4208-9F8E-89AE10A19E69}.Release|x64.Build.0 = Release|x64
		{FBDB74D4-C170-4208-9F8E-89AE10A19E69}.Release|x86.ActiveCfg = Release|x86
		{FBDB74D4-C170-4208-9F8E-89AE10A19E69}.Release|x86.Build.0 = Release|x86
		{A3CC3522-411C-4BA6-B2D0-96C5A6EA4A0B}.Debug|Any CPU.ActiveCfg = Debug|Any CPU
		{A3CC3522-411C-4BA6-B2D0-96C5A6EA4A0B}.Debug|Any CPU.Build.0 = Debug|Any CPU
		{A3CC3522-411C-4BA6-B2D0-96C5A6EA4A0B}.Debug|x64.ActiveCfg = Debug|x64
		{A3CC3522-411C-4BA6-B2D0-96C5A6EA4A0B}.Debug|x64.Build.0 = Debug|x64
		{A3CC3522-411C-4BA6-B2D0-96C5A6EA4A0B}.Debug|x86.ActiveCfg = Debug|x86
		{A3CC3522-411C-4BA6-B2D0-96C5A6EA4A0B}.Debug|x86.Build.0 = Debug|x86
		{A3CC3522-411C-4BA6-B2D0-96C5A6EA4A0B}.Release|Any CPU.ActiveCfg = Release|Any CPU
		{A3CC3522-411C-4BA6-B2D0-96C5A6EA4A0B}.Release|Any CPU.Build.0 = Release|Any CPU
		{A3CC3522-411C-4BA6-B2D0-96C5A6EA4A0B}.Release|x64.ActiveCfg = Release|x64
		{A3CC3522-411C-4BA6-B2D0-96C5A6EA4A0B}.Release|x64.Build.0 = Release|x64
		{A3CC3522-411C-4BA6-B2D0-96C5A6EA4A0B}.Release|x86.ActiveCfg = Release|x86
		{A3CC3522-411C-4BA6-B2D0-96C5A6EA4A0B}.Release|x86.Build.0 = Release|x86
		{D8F25B8B-8EE1-4C7B-81F9-B16BEF9739AF}.Debug|Any CPU.ActiveCfg = Debug|Any CPU
		{D8F25B8B-8EE1-4C7B-81F9-B16BEF9739AF}.Debug|Any CPU.Build.0 = Debug|Any CPU
		{D8F25B8B-8EE1-4C7B-81F9-B16BEF9739AF}.Debug|x64.ActiveCfg = Debug|x64
		{D8F25B8B-8EE1-4C7B-81F9-B16BEF9739AF}.Debug|x64.Build.0 = Debug|x64
		{D8F25B8B-8EE1-4C7B-81F9-B16BEF9739AF}.Debug|x86.ActiveCfg = Debug|x86
		{D8F25B8B-8EE1-4C7B-81F9-B16BEF9739AF}.Debug|x86.Build.0 = Debug|x86
		{D8F25B8B-8EE1-4C7B-81F9-B16BEF9739AF}.Release|Any CPU.ActiveCfg = Release|Any CPU
		{D8F25B8B-8EE1-4C7B-81F9-B16BEF9739AF}.Release|Any CPU.Build.0 = Release|Any CPU
		{D8F25B8B-8EE1-4C7B-81F9-B16BEF9739AF}.Release|x64.ActiveCfg = Release|x64
		{D8F25B8B-8EE1-4C7B-81F9-B16BEF9739AF}.Release|x64.Build.0 = Release|x64
		{D8F25B8B-8EE1-4C7B-81F9-B16BEF9739AF}.Release|x86.ActiveCfg = Release|x86
		{D8F25B8B-8EE1-4C7B-81F9-B16BEF9739AF}.Release|x86.Build.0 = Release|x86
		{71E350C4-A249-4076-BC34-923A04E1C499}.Debug|Any CPU.ActiveCfg = Debug|Any CPU
		{71E350C4-A249-4076-BC34-923A04E1C499}.Debug|Any CPU.Build.0 = Debug|Any CPU
		{71E350C4-A249-4076-BC34-923A04E1C499}.Debug|x64.ActiveCfg = Debug|x64
		{71E350C4-A249-4076-BC34-923A04E1C499}.Debug|x64.Build.0 = Debug|x64
		{71E350C4-A249-4076-BC34-923A04E1C499}.Debug|x86.ActiveCfg = Debug|x86
		{71E350C4-A249-4076-BC34-923A04E1C499}.Debug|x86.Build.0 = Debug|x86
		{71E350C4-A249-4076-BC34-923A04E1C499}.Release|Any CPU.ActiveCfg = Release|Any CPU
		{71E350C4-A249-4076-BC34-923A04E1C499}.Release|Any CPU.Build.0 = Release|Any CPU
		{71E350C4-A249-4076-BC34-923A04E1C499}.Release|x64.ActiveCfg = Release|x64
		{71E350C4-A249-4076-BC34-923A04E1C499}.Release|x64.Build.0 = Release|x64
		{71E350C4-A249-4076-BC34-923A04E1C499}.Release|x86.ActiveCfg = Release|x86
		{71E350C4-A249-4076-BC34-923A04E1C499}.Release|x86.Build.0 = Release|x86
		{5CB24B9A-EC7C-4BD7-8673-8DB378FD33CD}.Debug|Any CPU.ActiveCfg = Debug|Any CPU
		{5CB24B9A-EC7C-4BD7-8673-8DB378FD33CD}.Debug|Any CPU.Build.0 = Debug|Any CPU
		{5CB24B9A-EC7C-4BD7-8673-8DB378FD33CD}.Debug|x64.ActiveCfg = Debug|x64
		{5CB24B9A-EC7C-4BD7-8673-8DB378FD33CD}.Debug|x64.Build.0 = Debug|x64
		{5CB24B9A-EC7C-4BD7-8673-8DB378FD33CD}.Debug|x86.ActiveCfg = Debug|x86
		{5CB24B9A-EC7C-4BD7-8673-8DB378FD33CD}.Debug|x86.Build.0 = Debug|x86
		{5CB24B9A-EC7C-4BD7-8673-8DB378FD33CD}.Release|Any CPU.ActiveCfg = Release|Any CPU
		{5CB24B9A-EC7C-4BD7-8673-8DB378FD33CD}.Release|Any CPU.Build.0 = Release|Any CPU
		{5CB24B9A-EC7C-4BD7-8673-8DB378FD33CD}.Release|x64.ActiveCfg = Release|x64
		{5CB24B9A-EC7C-4BD7-8673-8DB378FD33CD}.Release|x64.Build.0 = Release|x64
		{5CB24B9A-EC7C-4BD7-8673-8DB378FD33CD}.Release|x86.ActiveCfg = Release|x86
		{5CB24B9A-EC7C-4BD7-8673-8DB378FD33CD}.Release|x86.Build.0 = Release|x86
		{2FF82BF5-AE3F-4A32-9D56-8810EA3E4CE7}.Debug|Any CPU.ActiveCfg = Debug|Any CPU
		{2FF82BF5-AE3F-4A32-9D56-8810EA3E4CE7}.Debug|Any CPU.Build.0 = Debug|Any CPU
		{2FF82BF5-AE3F-4A32-9D56-8810EA3E4CE7}.Debug|x64.ActiveCfg = Debug|x64
		{2FF82BF5-AE3F-4A32-9D56-8810EA3E4CE7}.Debug|x64.Build.0 = Debug|x64
		{2FF82BF5-AE3F-4A32-9D56-8810EA3E4CE7}.Debug|x86.ActiveCfg = Debug|x86
		{2FF82BF5-AE3F-4A32-9D56-8810EA3E4CE7}.Debug|x86.Build.0 = Debug|x86
		{2FF82BF5-AE3F-4A32-9D56-8810EA3E4CE7}.Release|Any CPU.ActiveCfg = Release|Any CPU
		{2FF82BF5-AE3F-4A32-9D56-8810EA3E4CE7}.Release|Any CPU.Build.0 = Release|Any CPU
		{2FF82BF5-AE3F-4A32-9D56-8810EA3E4CE7}.Release|x64.ActiveCfg = Release|x64
		{2FF82BF5-AE3F-4A32-9D56-8810EA3E4CE7}.Release|x64.Build.0 = Release|x64
		{2FF82BF5-AE3F-4A32-9D56-8810EA3E4CE7}.Release|x86.ActiveCfg = Release|x86
		{2FF82BF5-AE3F-4A32-9D56-8810EA3E4CE7}.Release|x86.Build.0 = Release|x86
	EndGlobalSection
	GlobalSection(SolutionProperties) = preSolution
		HideSolutionNode = FALSE
	EndGlobalSection
	GlobalSection(NestedProjects) = preSolution
		{547F1FE9-9196-4176-82CE-BEF7640788CE} = {E347D284-CFEA-4564-B6D5-89CA67D693B9}
		{EA92DAE6-55B8-418F-BC78-8A6AEFD6BB39} = {547F1FE9-9196-4176-82CE-BEF7640788CE}
		{8C62D98E-04BF-4A2C-BC64-2CAFD6D8C30A} = {547F1FE9-9196-4176-82CE-BEF7640788CE}
		{A703A794-1416-4521-B5F2-7C3CD65F5FD5} = {E347D284-CFEA-4564-B6D5-89CA67D693B9}
		{524D665A-867C-48A4-9186-05BEE3484830} = {A703A794-1416-4521-B5F2-7C3CD65F5FD5}
		{A376BEDA-ECF8-40B3-822B-58050D736C39} = {B40C4725-0C6C-4371-8DD8-E514B78F2322}
		{3BC4AE6E-1A67-4D5C-A58A-F1761EDFBB7A} = {B40C4725-0C6C-4371-8DD8-E514B78F2322}
		{FBDB74D4-C170-4208-9F8E-89AE10A19E69} = {B40C4725-0C6C-4371-8DD8-E514B78F2322}
		{A3CC3522-411C-4BA6-B2D0-96C5A6EA4A0B} = {B40C4725-0C6C-4371-8DD8-E514B78F2322}
		{D8F25B8B-8EE1-4C7B-81F9-B16BEF9739AF} = {B40C4725-0C6C-4371-8DD8-E514B78F2322}
		{71E350C4-A249-4076-BC34-923A04E1C499} = {B40C4725-0C6C-4371-8DD8-E514B78F2322}
		{5CB24B9A-EC7C-4BD7-8673-8DB378FD33CD} = {B40C4725-0C6C-4371-8DD8-E514B78F2322}
		{2FF82BF5-AE3F-4A32-9D56-8810EA3E4CE7} = {A703A794-1416-4521-B5F2-7C3CD65F5FD5}
	EndGlobalSection
EndGlobal
