
Microsoft Visual Studio Solution File, Format Version 12.00
# Visual Studio 14
VisualStudioVersion = 14.0.25420.1
MinimumVisualStudioVersion = 10.0.40219.1
Project("{2150E333-8FDC-42A3-9474-1A3956D46DE8}") = "ContinuousIntegration", "ContinuousIntegration", "{0DA507F7-5321-4A17-A332-BCCBED593947}"
EndProject
Project("{2150E333-8FDC-42A3-9474-1A3956D46DE8}") = "Build", "Build", "{EE0A4C28-B288-481F-BFE2-9CC8C868F787}"
	ProjectSection(SolutionItems) = preProject
		.travis.yml = .travis.yml
		Makefile = Makefile
	EndProjectSection
EndProject
Project("{2150E333-8FDC-42A3-9474-1A3956D46DE8}") = "Solution Items", "Solution Items", "{38CF6395-01BE-496F-A27B-25A3E47152D5}"
	ProjectSection(SolutionItems) = preProject
		project.json = project.json
	EndProjectSection
EndProject
Project("{8BB2217D-0F2D-49D1-97BC-3654ED321F3B}") = "Service.App", "Service.App\Service.App.xproj", "{FFD89266-30D2-481C-9C40-79E6A70A15A5}"
EndProject
Project("{8BB2217D-0F2D-49D1-97BC-3654ED321F3B}") = "Domain", "Domain\Domain.xproj", "{C717A268-26EE-43B3-B383-0FDDE1D5EF5A}"
EndProject
Project("{8BB2217D-0F2D-49D1-97BC-3654ED321F3B}") = "Domain.Facade", "Domain.Facade\Domain.Facade.xproj", "{025D4E80-E262-4756-AA35-349898F42D8E}"
EndProject
Project("{8BB2217D-0F2D-49D1-97BC-3654ED321F3B}") = "Resources", "Resources\Resources.xproj", "{6029C61F-0846-4112-86AB-9AAA842E2231}"
EndProject
Project("{8BB2217D-0F2D-49D1-97BC-3654ED321F3B}") = "Service", "Service\Service.xproj", "{C3F08CC7-7506-4405-99EC-4171E85284DB}"
EndProject
Project("{2150E333-8FDC-42A3-9474-1A3956D46DE8}") = "Tests", "Tests", "{C4423CC2-B3F2-4F9F-B8C3-F23E01A594F0}"
EndProject
Project("{2150E333-8FDC-42A3-9474-1A3956D46DE8}") = "Unit", "Unit", "{EFDE4932-F8CF-4B0F-8C40-69CC70AD9A96}"
EndProject
Project("{2150E333-8FDC-42A3-9474-1A3956D46DE8}") = "Integration", "Integration", "{2B84BF42-2A6E-473D-9786-FA546228A4D5}"
EndProject
Project("{8BB2217D-0F2D-49D1-97BC-3654ED321F3B}") = "Service.Tests", "Tests\Integration\Service.Tests\Service.Tests.xproj", "{ED55D6DB-379A-4845-8A19-3C1C6B7D77D3}"
EndProject
Project("{8BB2217D-0F2D-49D1-97BC-3654ED321F3B}") = "Domain.Facade.Tests", "Tests\Unit\Domain.Facade.Tests\Domain.Facade.Tests.xproj", "{CAE5A890-6334-4F4A-8E13-D5B50955BFDA}"
EndProject
Project("{8BB2217D-0F2D-49D1-97BC-3654ED321F3B}") = "Domain.Tests", "Tests\Unit\Domain.Tests\Domain.Tests.xproj", "{3C6ED129-0A3D-4153-8E40-F3B16921DC43}"
EndProject
Global
	GlobalSection(SolutionConfigurationPlatforms) = preSolution
		Debug|Any CPU = Debug|Any CPU
		Release|Any CPU = Release|Any CPU
	EndGlobalSection
	GlobalSection(ProjectConfigurationPlatforms) = postSolution
		{FFD89266-30D2-481C-9C40-79E6A70A15A5}.Debug|Any CPU.ActiveCfg = Debug|Any CPU
		{FFD89266-30D2-481C-9C40-79E6A70A15A5}.Debug|Any CPU.Build.0 = Debug|Any CPU
		{FFD89266-30D2-481C-9C40-79E6A70A15A5}.Release|Any CPU.ActiveCfg = Release|Any CPU
		{FFD89266-30D2-481C-9C40-79E6A70A15A5}.Release|Any CPU.Build.0 = Release|Any CPU
		{C717A268-26EE-43B3-B383-0FDDE1D5EF5A}.Debug|Any CPU.ActiveCfg = Debug|Any CPU
		{C717A268-26EE-43B3-B383-0FDDE1D5EF5A}.Debug|Any CPU.Build.0 = Debug|Any CPU
		{C717A268-26EE-43B3-B383-0FDDE1D5EF5A}.Release|Any CPU.ActiveCfg = Release|Any CPU
		{C717A268-26EE-43B3-B383-0FDDE1D5EF5A}.Release|Any CPU.Build.0 = Release|Any CPU
		{025D4E80-E262-4756-AA35-349898F42D8E}.Debug|Any CPU.ActiveCfg = Debug|Any CPU
		{025D4E80-E262-4756-AA35-349898F42D8E}.Debug|Any CPU.Build.0 = Debug|Any CPU
		{025D4E80-E262-4756-AA35-349898F42D8E}.Release|Any CPU.ActiveCfg = Release|Any CPU
		{025D4E80-E262-4756-AA35-349898F42D8E}.Release|Any CPU.Build.0 = Release|Any CPU
		{6029C61F-0846-4112-86AB-9AAA842E2231}.Debug|Any CPU.ActiveCfg = Debug|Any CPU
		{6029C61F-0846-4112-86AB-9AAA842E2231}.Debug|Any CPU.Build.0 = Debug|Any CPU
		{6029C61F-0846-4112-86AB-9AAA842E2231}.Release|Any CPU.ActiveCfg = Release|Any CPU
		{6029C61F-0846-4112-86AB-9AAA842E2231}.Release|Any CPU.Build.0 = Release|Any CPU
		{C3F08CC7-7506-4405-99EC-4171E85284DB}.Debug|Any CPU.ActiveCfg = Debug|Any CPU
		{C3F08CC7-7506-4405-99EC-4171E85284DB}.Debug|Any CPU.Build.0 = Debug|Any CPU
		{C3F08CC7-7506-4405-99EC-4171E85284DB}.Release|Any CPU.ActiveCfg = Release|Any CPU
		{C3F08CC7-7506-4405-99EC-4171E85284DB}.Release|Any CPU.Build.0 = Release|Any CPU
		{ED55D6DB-379A-4845-8A19-3C1C6B7D77D3}.Debug|Any CPU.ActiveCfg = Debug|Any CPU
		{ED55D6DB-379A-4845-8A19-3C1C6B7D77D3}.Debug|Any CPU.Build.0 = Debug|Any CPU
		{ED55D6DB-379A-4845-8A19-3C1C6B7D77D3}.Release|Any CPU.ActiveCfg = Release|Any CPU
		{ED55D6DB-379A-4845-8A19-3C1C6B7D77D3}.Release|Any CPU.Build.0 = Release|Any CPU
		{CAE5A890-6334-4F4A-8E13-D5B50955BFDA}.Debug|Any CPU.ActiveCfg = Debug|Any CPU
		{CAE5A890-6334-4F4A-8E13-D5B50955BFDA}.Debug|Any CPU.Build.0 = Debug|Any CPU
		{CAE5A890-6334-4F4A-8E13-D5B50955BFDA}.Release|Any CPU.ActiveCfg = Release|Any CPU
		{CAE5A890-6334-4F4A-8E13-D5B50955BFDA}.Release|Any CPU.Build.0 = Release|Any CPU
		{3C6ED129-0A3D-4153-8E40-F3B16921DC43}.Debug|Any CPU.ActiveCfg = Debug|Any CPU
		{3C6ED129-0A3D-4153-8E40-F3B16921DC43}.Debug|Any CPU.Build.0 = Debug|Any CPU
		{3C6ED129-0A3D-4153-8E40-F3B16921DC43}.Release|Any CPU.ActiveCfg = Release|Any CPU
		{3C6ED129-0A3D-4153-8E40-F3B16921DC43}.Release|Any CPU.Build.0 = Release|Any CPU
	EndGlobalSection
	GlobalSection(SolutionProperties) = preSolution
		HideSolutionNode = FALSE
	EndGlobalSection
	GlobalSection(NestedProjects) = preSolution
		{EE0A4C28-B288-481F-BFE2-9CC8C868F787} = {0DA507F7-5321-4A17-A332-BCCBED593947}
		{EFDE4932-F8CF-4B0F-8C40-69CC70AD9A96} = {C4423CC2-B3F2-4F9F-B8C3-F23E01A594F0}
		{2B84BF42-2A6E-473D-9786-FA546228A4D5} = {C4423CC2-B3F2-4F9F-B8C3-F23E01A594F0}
		{ED55D6DB-379A-4845-8A19-3C1C6B7D77D3} = {2B84BF42-2A6E-473D-9786-FA546228A4D5}
		{CAE5A890-6334-4F4A-8E13-D5B50955BFDA} = {EFDE4932-F8CF-4B0F-8C40-69CC70AD9A96}
		{3C6ED129-0A3D-4153-8E40-F3B16921DC43} = {EFDE4932-F8CF-4B0F-8C40-69CC70AD9A96}
	EndGlobalSection
EndGlobal
